
Microsoft Visual Studio Solution File, Format Version 12.00
# Visual Studio 15
VisualStudioVersion = 15.0.28307.438
MinimumVisualStudioVersion = 10.0.40219.1
Project("{FAE04EC0-301F-11D3-BF4B-00C04F79EFBC}") = "tReservation-Lab1CS", "tReservation-Lab1CS\tReservation-Lab1CS.csproj", "{50BE7926-0E2D-4A90-86CC-4B92FF091A27}"
EndProject
Global
	GlobalSection(SolutionConfigurationPlatforms) = preSolution
		Debug|Any CPU = Debug|Any CPU
		Release|Any CPU = Release|Any CPU
	EndGlobalSection
	GlobalSection(ProjectConfigurationPlatforms) = postSolution
		{50BE7926-0E2D-4A90-86CC-4B92FF091A27}.Debug|Any CPU.ActiveCfg = Debug|Any CPU
		{50BE7926-0E2D-4A90-86CC-4B92FF091A27}.Debug|Any CPU.Build.0 = Debug|Any CPU
		{50BE7926-0E2D-4A90-86CC-4B92FF091A27}.Release|Any CPU.ActiveCfg = Release|Any CPU
		{50BE7926-0E2D-4A90-86CC-4B92FF091A27}.Release|Any CPU.Build.0 = Release|Any CPU
	EndGlobalSection
	GlobalSection(SolutionProperties) = preSolution
		HideSolutionNode = FALSE
	EndGlobalSection
	GlobalSection(ExtensibilityGlobals) = postSolution
		SolutionGuid = {0BF22EFD-68A6-4A37-A235-987197ABDD2C}
	EndGlobalSection
EndGlobal
