
Microsoft Visual Studio Solution File, Format Version 12.00
# Visual Studio 15
VisualStudioVersion = 15.0.28307.106
MinimumVisualStudioVersion = 10.0.40219.1
Project("{FAE04EC0-301F-11D3-BF4B-00C04F79EFBC}") = "Lab1", "Lab1\Lab1.csproj", "{3B0251EC-7C2F-4DED-AD8E-7637408B086A}"
EndProject
Global
	GlobalSection(SolutionConfigurationPlatforms) = preSolution
		Debug|Any CPU = Debug|Any CPU
		Release|Any CPU = Release|Any CPU
	EndGlobalSection
	GlobalSection(ProjectConfigurationPlatforms) = postSolution
		{3B0251EC-7C2F-4DED-AD8E-7637408B086A}.Debug|Any CPU.ActiveCfg = Debug|Any CPU
		{3B0251EC-7C2F-4DED-AD8E-7637408B086A}.Debug|Any CPU.Build.0 = Debug|Any CPU
		{3B0251EC-7C2F-4DED-AD8E-7637408B086A}.Release|Any CPU.ActiveCfg = Release|Any CPU
		{3B0251EC-7C2F-4DED-AD8E-7637408B086A}.Release|Any CPU.Build.0 = Release|Any CPU
	EndGlobalSection
	GlobalSection(SolutionProperties) = preSolution
		HideSolutionNode = FALSE
	EndGlobalSection
	GlobalSection(ExtensibilityGlobals) = postSolution
		SolutionGuid = {23DA936D-6E4D-439E-9CA8-6946BC20A861}
	EndGlobalSection
EndGlobal
